
Microsoft Visual Studio Solution File, Format Version 12.00
# Visual Studio Version 16
VisualStudioVersion = 16.0.31829.152
MinimumVisualStudioVersion = 10.0.40219.1
Project("{FAE04EC0-301F-11D3-BF4B-00C04F79EFBC}") = "Lab6_2", "Lab6_2.csproj", "{483CE952-2A64-41CE-A3BB-272A0C571BF9}"
EndProject
Global
	GlobalSection(SolutionConfigurationPlatforms) = preSolution
		Debug|Any CPU = Debug|Any CPU
		Release|Any CPU = Release|Any CPU
	EndGlobalSection
	GlobalSection(ProjectConfigurationPlatforms) = postSolution
		{483CE952-2A64-41CE-A3BB-272A0C571BF9}.Debug|Any CPU.ActiveCfg = Debug|Any CPU
		{483CE952-2A64-41CE-A3BB-272A0C571BF9}.Debug|Any CPU.Build.0 = Debug|Any CPU
		{483CE952-2A64-41CE-A3BB-272A0C571BF9}.Release|Any CPU.ActiveCfg = Release|Any CPU
		{483CE952-2A64-41CE-A3BB-272A0C571BF9}.Release|Any CPU.Build.0 = Release|Any CPU
	EndGlobalSection
	GlobalSection(SolutionProperties) = preSolution
		HideSolutionNode = FALSE
	EndGlobalSection
	GlobalSection(ExtensibilityGlobals) = postSolution
		SolutionGuid = {17B7E888-B2EB-4D98-B297-030AA6ABDE8B}
	EndGlobalSection
EndGlobal
